// !$*UTF8*$!
{
	archiveVersion = 1;
	classes = {
	};
	objectVersion = 51;
	objects = {

/* Begin PBXBuildFile section */
		108A26269A4B3486CC0BB9CF /* Pods_churchOfLove_churchOfLoveUITests.framework in Frameworks */ = {isa = PBXBuildFile; fileRef = 424B8D7E981237D114BE0723 /* Pods_churchOfLove_churchOfLoveUITests.framework */; };
		526E97C9F83A5ED035399DC7 /* Pods_churchOfLoveTests.framework in Frameworks */ = {isa = PBXBuildFile; fileRef = 713E7D3494A6F53AE3046E38 /* Pods_churchOfLoveTests.framework */; };
		9899799127033CD8006AEF79 /* UIDevice.swift in Sources */ = {isa = PBXBuildFile; fileRef = 9899799027033CD8006AEF79 /* UIDevice.swift */; };
		989979932705D2C9006AEF79 /* String.swift in Sources */ = {isa = PBXBuildFile; fileRef = 989979922705D2C9006AEF79 /* String.swift */; };
		989979D32705F0FD006AEF79 /* UIImageView.swift in Sources */ = {isa = PBXBuildFile; fileRef = 989979D22705F0FD006AEF79 /* UIImageView.swift */; };
		989979D52705F6BF006AEF79 /* ContentType.swift in Sources */ = {isa = PBXBuildFile; fileRef = 989979D42705F6BF006AEF79 /* ContentType.swift */; };
		98ED784C273FEF1100ACDECA /* GoogleService-Info.plist in Resources */ = {isa = PBXBuildFile; fileRef = 98EE313D270AEBA500457AF8 /* GoogleService-Info.plist */; };
		98ED785727401AB100ACDECA /* InfoPlist.strings in Resources */ = {isa = PBXBuildFile; fileRef = 98ED785927401AB100ACDECA /* InfoPlist.strings */; };
		98EE312E270AB8F900457AF8 /* WKWebViewConfiguration.swift in Sources */ = {isa = PBXBuildFile; fileRef = 98EE312D270AB8F900457AF8 /* WKWebViewConfiguration.swift */; };
		98EE3130270ABAC300457AF8 /* ServiceConfiguration.swift in Sources */ = {isa = PBXBuildFile; fileRef = 98EE312F270ABAC300457AF8 /* ServiceConfiguration.swift */; };
		98EE3132270AC65E00457AF8 /* KeychainService.swift in Sources */ = {isa = PBXBuildFile; fileRef = 98EE3131270AC65E00457AF8 /* KeychainService.swift */; };
		98EE3134270AC6A800457AF8 /* Constants.swift in Sources */ = {isa = PBXBuildFile; fileRef = 98EE3133270AC6A800457AF8 /* Constants.swift */; };
		98EE3136270AC72500457AF8 /* KeyValueStore.swift in Sources */ = {isa = PBXBuildFile; fileRef = 98EE3135270AC72500457AF8 /* KeyValueStore.swift */; };
		98EE3140270B04CC00457AF8 /* FirstLaunch.swift in Sources */ = {isa = PBXBuildFile; fileRef = 98EE313F270B04CC00457AF8 /* FirstLaunch.swift */; };
		C40542B44FB6AF09FFC9481B /* Pods_churchOfLove.framework in Frameworks */ = {isa = PBXBuildFile; fileRef = C83301A9504502CE399A60E7 /* Pods_churchOfLove.framework */; };
		CA9877E726C2608000C176BA /* AppDelegate.swift in Sources */ = {isa = PBXBuildFile; fileRef = CA9877E626C2608000C176BA /* AppDelegate.swift */; };
		CA9877E926C2608000C176BA /* SceneDelegate.swift in Sources */ = {isa = PBXBuildFile; fileRef = CA9877E826C2608000C176BA /* SceneDelegate.swift */; };
		CA9877EB26C2608000C176BA /* ViewController.swift in Sources */ = {isa = PBXBuildFile; fileRef = CA9877EA26C2608000C176BA /* ViewController.swift */; };
		CA9877EE26C2608000C176BA /* Main.storyboard in Resources */ = {isa = PBXBuildFile; fileRef = CA9877EC26C2608000C176BA /* Main.storyboard */; };
		CA9877F026C2608800C176BA /* Assets.xcassets in Resources */ = {isa = PBXBuildFile; fileRef = CA9877EF26C2608800C176BA /* Assets.xcassets */; };
		CA9877F326C2608800C176BA /* LaunchScreen.storyboard in Resources */ = {isa = PBXBuildFile; fileRef = CA9877F126C2608800C176BA /* LaunchScreen.storyboard */; };
		CA9877FE26C2608800C176BA /* churchOfLoveTests.swift in Sources */ = {isa = PBXBuildFile; fileRef = CA9877FD26C2608800C176BA /* churchOfLoveTests.swift */; };
		CA98780926C2608800C176BA /* churchOfLoveUITests.swift in Sources */ = {isa = PBXBuildFile; fileRef = CA98780826C2608800C176BA /* churchOfLoveUITests.swift */; };
/* End PBXBuildFile section */

/* Begin PBXContainerItemProxy section */
		CA9877FA26C2608800C176BA /* PBXContainerItemProxy */ = {
			isa = PBXContainerItemProxy;
			containerPortal = CA9877DB26C2608000C176BA /* Project object */;
			proxyType = 1;
			remoteGlobalIDString = CA9877E226C2608000C176BA;
			remoteInfo = churchOfLove;
		};
		CA98780526C2608800C176BA /* PBXContainerItemProxy */ = {
			isa = PBXContainerItemProxy;
			containerPortal = CA9877DB26C2608000C176BA /* Project object */;
			proxyType = 1;
			remoteGlobalIDString = CA9877E226C2608000C176BA;
			remoteInfo = churchOfLove;
		};
/* End PBXContainerItemProxy section */

/* Begin PBXFileReference section */
		28DD7F41E52C921FE944B6AC /* Pods-churchOfLove.release.xcconfig */ = {isa = PBXFileReference; includeInIndex = 1; lastKnownFileType = text.xcconfig; name = "Pods-churchOfLove.release.xcconfig"; path = "Target Support Files/Pods-churchOfLove/Pods-churchOfLove.release.xcconfig"; sourceTree = "<group>"; };
		424B8D7E981237D114BE0723 /* Pods_churchOfLove_churchOfLoveUITests.framework */ = {isa = PBXFileReference; explicitFileType = wrapper.framework; includeInIndex = 0; path = Pods_churchOfLove_churchOfLoveUITests.framework; sourceTree = BUILT_PRODUCTS_DIR; };
		6C160C587845FD631E37F8A3 /* Pods-churchOfLove-churchOfLoveUITests.release.xcconfig */ = {isa = PBXFileReference; includeInIndex = 1; lastKnownFileType = text.xcconfig; name = "Pods-churchOfLove-churchOfLoveUITests.release.xcconfig"; path = "Target Support Files/Pods-churchOfLove-churchOfLoveUITests/Pods-churchOfLove-churchOfLoveUITests.release.xcconfig"; sourceTree = "<group>"; };
		713E7D3494A6F53AE3046E38 /* Pods_churchOfLoveTests.framework */ = {isa = PBXFileReference; explicitFileType = wrapper.framework; includeInIndex = 0; path = Pods_churchOfLoveTests.framework; sourceTree = BUILT_PRODUCTS_DIR; };
		789B7291AA1F7CB920BE540A /* Pods-churchOfLove.debug.xcconfig */ = {isa = PBXFileReference; includeInIndex = 1; lastKnownFileType = text.xcconfig; name = "Pods-churchOfLove.debug.xcconfig"; path = "Target Support Files/Pods-churchOfLove/Pods-churchOfLove.debug.xcconfig"; sourceTree = "<group>"; };
		97FF56A7BF1707325CEE6F5A /* Pods-churchOfLove-churchOfLoveUITests.debug.xcconfig */ = {isa = PBXFileReference; includeInIndex = 1; lastKnownFileType = text.xcconfig; name = "Pods-churchOfLove-churchOfLoveUITests.debug.xcconfig"; path = "Target Support Files/Pods-churchOfLove-churchOfLoveUITests/Pods-churchOfLove-churchOfLoveUITests.debug.xcconfig"; sourceTree = "<group>"; };
		9899799027033CD8006AEF79 /* UIDevice.swift */ = {isa = PBXFileReference; lastKnownFileType = sourcecode.swift; name = UIDevice.swift; path = "../../../../../Source/private/iOS/RxSwift_In_4_Hours-master/churchOfLove/UIDevice.swift"; sourceTree = "<group>"; };
		989979922705D2C9006AEF79 /* String.swift */ = {isa = PBXFileReference; lastKnownFileType = sourcecode.swift; name = String.swift; path = "../../../../../Source/private/iOS/RxSwift_In_4_Hours-master/churchOfLove/String.swift"; sourceTree = "<group>"; };
		989979D22705F0FD006AEF79 /* UIImageView.swift */ = {isa = PBXFileReference; lastKnownFileType = sourcecode.swift; name = UIImageView.swift; path = "../../../../../Source/private/iOS/RxSwift_In_4_Hours-master/churchOfLove/UIImageView.swift"; sourceTree = "<group>"; };
		989979D42705F6BF006AEF79 /* ContentType.swift */ = {isa = PBXFileReference; lastKnownFileType = sourcecode.swift; name = ContentType.swift; path = "../../../../../Source/private/iOS/RxSwift_In_4_Hours-master/churchOfLove/ContentType.swift"; sourceTree = "<group>"; };
		98ED785327401A7500ACDECA /* ko */ = {isa = PBXFileReference; lastKnownFileType = text.plist.strings; name = ko; path = ko.lproj/Main.strings; sourceTree = "<group>"; };
		98ED785427401A7500ACDECA /* ko */ = {isa = PBXFileReference; lastKnownFileType = text.plist.strings; name = ko; path = ko.lproj/LaunchScreen.strings; sourceTree = "<group>"; };
		98ED785827401AB100ACDECA /* ko */ = {isa = PBXFileReference; lastKnownFileType = text.plist.strings; name = ko; path = ko.lproj/InfoPlist.strings; sourceTree = "<group>"; };
		98ED785A27401C1900ACDECA /* en */ = {isa = PBXFileReference; lastKnownFileType = text.plist.strings; name = en; path = en.lproj/InfoPlist.strings; sourceTree = "<group>"; };
		98EE312D270AB8F900457AF8 /* WKWebViewConfiguration.swift */ = {isa = PBXFileReference; lastKnownFileType = sourcecode.swift; path = WKWebViewConfiguration.swift; sourceTree = "<group>"; };
		98EE312F270ABAC300457AF8 /* ServiceConfiguration.swift */ = {isa = PBXFileReference; lastKnownFileType = sourcecode.swift; path = ServiceConfiguration.swift; sourceTree = "<group>"; };
		98EE3131270AC65E00457AF8 /* KeychainService.swift */ = {isa = PBXFileReference; lastKnownFileType = sourcecode.swift; path = KeychainService.swift; sourceTree = "<group>"; };
		98EE3133270AC6A800457AF8 /* Constants.swift */ = {isa = PBXFileReference; lastKnownFileType = sourcecode.swift; path = Constants.swift; sourceTree = "<group>"; };
		98EE3135270AC72500457AF8 /* KeyValueStore.swift */ = {isa = PBXFileReference; lastKnownFileType = sourcecode.swift; path = KeyValueStore.swift; sourceTree = "<group>"; };
		98EE313C270AE17A00457AF8 /* churchOfLove.entitlements */ = {isa = PBXFileReference; lastKnownFileType = text.plist.entitlements; path = churchOfLove.entitlements; sourceTree = "<group>"; };
		98EE313D270AEBA500457AF8 /* GoogleService-Info.plist */ = {isa = PBXFileReference; fileEncoding = 4; lastKnownFileType = text.plist.xml; name = "GoogleService-Info.plist"; path = "../../../../../../Downloads/GoogleService-Info.plist"; sourceTree = "<group>"; };
		98EE313F270B04CC00457AF8 /* FirstLaunch.swift */ = {isa = PBXFileReference; lastKnownFileType = sourcecode.swift; path = FirstLaunch.swift; sourceTree = "<group>"; };
		C83301A9504502CE399A60E7 /* Pods_churchOfLove.framework */ = {isa = PBXFileReference; explicitFileType = wrapper.framework; includeInIndex = 0; path = Pods_churchOfLove.framework; sourceTree = BUILT_PRODUCTS_DIR; };
		CA9877E326C2608000C176BA /* churchOfLove.app */ = {isa = PBXFileReference; explicitFileType = wrapper.application; includeInIndex = 0; path = churchOfLove.app; sourceTree = BUILT_PRODUCTS_DIR; };
		CA9877E626C2608000C176BA /* AppDelegate.swift */ = {isa = PBXFileReference; lastKnownFileType = sourcecode.swift; path = AppDelegate.swift; sourceTree = "<group>"; };
		CA9877E826C2608000C176BA /* SceneDelegate.swift */ = {isa = PBXFileReference; lastKnownFileType = sourcecode.swift; path = SceneDelegate.swift; sourceTree = "<group>"; };
		CA9877EA26C2608000C176BA /* ViewController.swift */ = {isa = PBXFileReference; lastKnownFileType = sourcecode.swift; path = ViewController.swift; sourceTree = "<group>"; };
		CA9877ED26C2608000C176BA /* Base */ = {isa = PBXFileReference; lastKnownFileType = file.storyboard; name = Base; path = Base.lproj/Main.storyboard; sourceTree = "<group>"; };
		CA9877EF26C2608800C176BA /* Assets.xcassets */ = {isa = PBXFileReference; lastKnownFileType = folder.assetcatalog; path = Assets.xcassets; sourceTree = "<group>"; };
		CA9877F226C2608800C176BA /* Base */ = {isa = PBXFileReference; lastKnownFileType = file.storyboard; name = Base; path = Base.lproj/LaunchScreen.storyboard; sourceTree = "<group>"; };
		CA9877F426C2608800C176BA /* Info.plist */ = {isa = PBXFileReference; lastKnownFileType = text.plist.xml; path = Info.plist; sourceTree = "<group>"; };
		CA9877F926C2608800C176BA /* churchOfLoveTests.xctest */ = {isa = PBXFileReference; explicitFileType = wrapper.cfbundle; includeInIndex = 0; path = churchOfLoveTests.xctest; sourceTree = BUILT_PRODUCTS_DIR; };
		CA9877FD26C2608800C176BA /* churchOfLoveTests.swift */ = {isa = PBXFileReference; lastKnownFileType = sourcecode.swift; path = churchOfLoveTests.swift; sourceTree = "<group>"; };
		CA9877FF26C2608800C176BA /* Info.plist */ = {isa = PBXFileReference; lastKnownFileType = text.plist.xml; path = Info.plist; sourceTree = "<group>"; };
		CA98780426C2608800C176BA /* churchOfLoveUITests.xctest */ = {isa = PBXFileReference; explicitFileType = wrapper.cfbundle; includeInIndex = 0; path = churchOfLoveUITests.xctest; sourceTree = BUILT_PRODUCTS_DIR; };
		CA98780826C2608800C176BA /* churchOfLoveUITests.swift */ = {isa = PBXFileReference; lastKnownFileType = sourcecode.swift; path = churchOfLoveUITests.swift; sourceTree = "<group>"; };
		CA98780A26C2608800C176BA /* Info.plist */ = {isa = PBXFileReference; lastKnownFileType = text.plist.xml; path = Info.plist; sourceTree = "<group>"; };
		DF8FCBC22DE773213789EE13 /* Pods-churchOfLoveTests.release.xcconfig */ = {isa = PBXFileReference; includeInIndex = 1; lastKnownFileType = text.xcconfig; name = "Pods-churchOfLoveTests.release.xcconfig"; path = "Target Support Files/Pods-churchOfLoveTests/Pods-churchOfLoveTests.release.xcconfig"; sourceTree = "<group>"; };
		F6F9093FD295F45646F65E4D /* Pods-churchOfLoveTests.debug.xcconfig */ = {isa = PBXFileReference; includeInIndex = 1; lastKnownFileType = text.xcconfig; name = "Pods-churchOfLoveTests.debug.xcconfig"; path = "Target Support Files/Pods-churchOfLoveTests/Pods-churchOfLoveTests.debug.xcconfig"; sourceTree = "<group>"; };
/* End PBXFileReference section */

/* Begin PBXFrameworksBuildPhase section */
		CA9877E026C2608000C176BA /* Frameworks */ = {
			isa = PBXFrameworksBuildPhase;
			buildActionMask = 2147483647;
			files = (
				C40542B44FB6AF09FFC9481B /* Pods_churchOfLove.framework in Frameworks */,
			);
			runOnlyForDeploymentPostprocessing = 0;
		};
		CA9877F626C2608800C176BA /* Frameworks */ = {
			isa = PBXFrameworksBuildPhase;
			buildActionMask = 2147483647;
			files = (
				526E97C9F83A5ED035399DC7 /* Pods_churchOfLoveTests.framework in Frameworks */,
			);
			runOnlyForDeploymentPostprocessing = 0;
		};
		CA98780126C2608800C176BA /* Frameworks */ = {
			isa = PBXFrameworksBuildPhase;
			buildActionMask = 2147483647;
			files = (
				108A26269A4B3486CC0BB9CF /* Pods_churchOfLove_churchOfLoveUITests.framework in Frameworks */,
			);
			runOnlyForDeploymentPostprocessing = 0;
		};
/* End PBXFrameworksBuildPhase section */

/* Begin PBXGroup section */
		A404767631000302BF0441F2 /* Pods */ = {
			isa = PBXGroup;
			children = (
				789B7291AA1F7CB920BE540A /* Pods-churchOfLove.debug.xcconfig */,
				28DD7F41E52C921FE944B6AC /* Pods-churchOfLove.release.xcconfig */,
				97FF56A7BF1707325CEE6F5A /* Pods-churchOfLove-churchOfLoveUITests.debug.xcconfig */,
				6C160C587845FD631E37F8A3 /* Pods-churchOfLove-churchOfLoveUITests.release.xcconfig */,
				F6F9093FD295F45646F65E4D /* Pods-churchOfLoveTests.debug.xcconfig */,
				DF8FCBC22DE773213789EE13 /* Pods-churchOfLoveTests.release.xcconfig */,
			);
			path = Pods;
			sourceTree = "<group>";
		};
		B121B3AFCE796F508C808CBE /* Frameworks */ = {
			isa = PBXGroup;
			children = (
				C83301A9504502CE399A60E7 /* Pods_churchOfLove.framework */,
				424B8D7E981237D114BE0723 /* Pods_churchOfLove_churchOfLoveUITests.framework */,
				713E7D3494A6F53AE3046E38 /* Pods_churchOfLoveTests.framework */,
			);
			name = Frameworks;
			sourceTree = "<group>";
		};
		CA9877DA26C2608000C176BA = {
			isa = PBXGroup;
			children = (
				CA9877E526C2608000C176BA /* churchOfLove */,
				CA9877FC26C2608800C176BA /* churchOfLoveTests */,
				CA98780726C2608800C176BA /* churchOfLoveUITests */,
				CA9877E426C2608000C176BA /* Products */,
				A404767631000302BF0441F2 /* Pods */,
				B121B3AFCE796F508C808CBE /* Frameworks */,
			);
			sourceTree = "<group>";
		};
		CA9877E426C2608000C176BA /* Products */ = {
			isa = PBXGroup;
			children = (
				CA9877E326C2608000C176BA /* churchOfLove.app */,
				CA9877F926C2608800C176BA /* churchOfLoveTests.xctest */,
				CA98780426C2608800C176BA /* churchOfLoveUITests.xctest */,
			);
			name = Products;
			sourceTree = "<group>";
		};
		CA9877E526C2608000C176BA /* churchOfLove */ = {
			isa = PBXGroup;
			children = (
				98EE313D270AEBA500457AF8 /* GoogleService-Info.plist */,
				98EE313C270AE17A00457AF8 /* churchOfLove.entitlements */,
				CA9877E626C2608000C176BA /* AppDelegate.swift */,
				CA9877E826C2608000C176BA /* SceneDelegate.swift */,
				CA9877EA26C2608000C176BA /* ViewController.swift */,
				CA9877EC26C2608000C176BA /* Main.storyboard */,
				CA9877EF26C2608800C176BA /* Assets.xcassets */,
				CA9877F126C2608800C176BA /* LaunchScreen.storyboard */,
				CA9877F426C2608800C176BA /* Info.plist */,
				9899799027033CD8006AEF79 /* UIDevice.swift */,
				989979922705D2C9006AEF79 /* String.swift */,
				989979D22705F0FD006AEF79 /* UIImageView.swift */,
				989979D42705F6BF006AEF79 /* ContentType.swift */,
				98EE312D270AB8F900457AF8 /* WKWebViewConfiguration.swift */,
				98EE312F270ABAC300457AF8 /* ServiceConfiguration.swift */,
				98EE3131270AC65E00457AF8 /* KeychainService.swift */,
				98EE3133270AC6A800457AF8 /* Constants.swift */,
				98EE3135270AC72500457AF8 /* KeyValueStore.swift */,
				98EE313F270B04CC00457AF8 /* FirstLaunch.swift */,
				98ED785927401AB100ACDECA /* InfoPlist.strings */,
			);
			path = churchOfLove;
			sourceTree = "<group>";
		};
		CA9877FC26C2608800C176BA /* churchOfLoveTests */ = {
			isa = PBXGroup;
			children = (
				CA9877FD26C2608800C176BA /* churchOfLoveTests.swift */,
				CA9877FF26C2608800C176BA /* Info.plist */,
			);
			path = churchOfLoveTests;
			sourceTree = "<group>";
		};
		CA98780726C2608800C176BA /* churchOfLoveUITests */ = {
			isa = PBXGroup;
			children = (
				CA98780826C2608800C176BA /* churchOfLoveUITests.swift */,
				CA98780A26C2608800C176BA /* Info.plist */,
			);
			path = churchOfLoveUITests;
			sourceTree = "<group>";
		};
/* End PBXGroup section */

/* Begin PBXNativeTarget section */
		CA9877E226C2608000C176BA /* churchOfLove */ = {
			isa = PBXNativeTarget;
			buildConfigurationList = CA98780D26C2608800C176BA /* Build configuration list for PBXNativeTarget "churchOfLove" */;
			buildPhases = (
				D84A65D6501D8AAE8F499B78 /* [CP] Check Pods Manifest.lock */,
				CA9877DF26C2608000C176BA /* Sources */,
				CA9877E026C2608000C176BA /* Frameworks */,
				CA9877E126C2608000C176BA /* Resources */,
				98EE313B270AD75900457AF8 /* Firebase crashlytics */,
				C954249F32FE380693033B2B /* [CP] Embed Pods Frameworks */,
			);
			buildRules = (
			);
			dependencies = (
			);
			name = churchOfLove;
			productName = churchOfLove;
			productReference = CA9877E326C2608000C176BA /* churchOfLove.app */;
			productType = "com.apple.product-type.application";
		};
		CA9877F826C2608800C176BA /* churchOfLoveTests */ = {
			isa = PBXNativeTarget;
			buildConfigurationList = CA98781026C2608800C176BA /* Build configuration list for PBXNativeTarget "churchOfLoveTests" */;
			buildPhases = (
				11B4E6D4387F9BED856C65AE /* [CP] Check Pods Manifest.lock */,
				CA9877F526C2608800C176BA /* Sources */,
				CA9877F626C2608800C176BA /* Frameworks */,
				CA9877F726C2608800C176BA /* Resources */,
			);
			buildRules = (
			);
			dependencies = (
				CA9877FB26C2608800C176BA /* PBXTargetDependency */,
			);
			name = churchOfLoveTests;
			productName = churchOfLoveTests;
			productReference = CA9877F926C2608800C176BA /* churchOfLoveTests.xctest */;
			productType = "com.apple.product-type.bundle.unit-test";
		};
		CA98780326C2608800C176BA /* churchOfLoveUITests */ = {
			isa = PBXNativeTarget;
			buildConfigurationList = CA98781326C2608800C176BA /* Build configuration list for PBXNativeTarget "churchOfLoveUITests" */;
			buildPhases = (
				A656BFE653E62C8406D6DF83 /* [CP] Check Pods Manifest.lock */,
				CA98780026C2608800C176BA /* Sources */,
				CA98780126C2608800C176BA /* Frameworks */,
				CA98780226C2608800C176BA /* Resources */,
				C3C5ED1183ADEB8C4DDA973E /* [CP] Embed Pods Frameworks */,
			);
			buildRules = (
			);
			dependencies = (
				CA98780626C2608800C176BA /* PBXTargetDependency */,
			);
			name = churchOfLoveUITests;
			productName = churchOfLoveUITests;
			productReference = CA98780426C2608800C176BA /* churchOfLoveUITests.xctest */;
			productType = "com.apple.product-type.bundle.ui-testing";
		};
/* End PBXNativeTarget section */

/* Begin PBXProject section */
		CA9877DB26C2608000C176BA /* Project object */ = {
			isa = PBXProject;
			attributes = {
				LastSwiftUpdateCheck = 1240;
				LastUpgradeCheck = 1240;
				TargetAttributes = {
					CA9877E226C2608000C176BA = {
						CreatedOnToolsVersion = 12.4;
					};
					CA9877F826C2608800C176BA = {
						CreatedOnToolsVersion = 12.4;
						TestTargetID = CA9877E226C2608000C176BA;
					};
					CA98780326C2608800C176BA = {
						CreatedOnToolsVersion = 12.4;
						TestTargetID = CA9877E226C2608000C176BA;
					};
				};
			};
			buildConfigurationList = CA9877DE26C2608000C176BA /* Build configuration list for PBXProject "churchOfLove" */;
			compatibilityVersion = "Xcode 9.3";
			developmentRegion = en;
			hasScannedForEncodings = 0;
			knownRegions = (
				en,
				Base,
				ko,
			);
			mainGroup = CA9877DA26C2608000C176BA;
			productRefGroup = CA9877E426C2608000C176BA /* Products */;
			projectDirPath = "";
			projectRoot = "";
			targets = (
				CA9877E226C2608000C176BA /* churchOfLove */,
				CA9877F826C2608800C176BA /* churchOfLoveTests */,
				CA98780326C2608800C176BA /* churchOfLoveUITests */,
			);
		};
/* End PBXProject section */

/* Begin PBXResourcesBuildPhase section */
		CA9877E126C2608000C176BA /* Resources */ = {
			isa = PBXResourcesBuildPhase;
			buildActionMask = 2147483647;
			files = (
				98ED784C273FEF1100ACDECA /* GoogleService-Info.plist in Resources */,
				CA9877F326C2608800C176BA /* LaunchScreen.storyboard in Resources */,
				CA9877F026C2608800C176BA /* Assets.xcassets in Resources */,
				CA9877EE26C2608000C176BA /* Main.storyboard in Resources */,
				98ED785727401AB100ACDECA /* InfoPlist.strings in Resources */,
			);
			runOnlyForDeploymentPostprocessing = 0;
		};
		CA9877F726C2608800C176BA /* Resources */ = {
			isa = PBXResourcesBuildPhase;
			buildActionMask = 2147483647;
			files = (
			);
			runOnlyForDeploymentPostprocessing = 0;
		};
		CA98780226C2608800C176BA /* Resources */ = {
			isa = PBXResourcesBuildPhase;
			buildActionMask = 2147483647;
			files = (
			);
			runOnlyForDeploymentPostprocessing = 0;
		};
/* End PBXResourcesBuildPhase section */

/* Begin PBXShellScriptBuildPhase section */
		11B4E6D4387F9BED856C65AE /* [CP] Check Pods Manifest.lock */ = {
			isa = PBXShellScriptBuildPhase;
			buildActionMask = 2147483647;
			files = (
			);
			inputFileListPaths = (
			);
			inputPaths = (
				"${PODS_PODFILE_DIR_PATH}/Podfile.lock",
				"${PODS_ROOT}/Manifest.lock",
			);
			name = "[CP] Check Pods Manifest.lock";
			outputFileListPaths = (
			);
			outputPaths = (
				"$(DERIVED_FILE_DIR)/Pods-churchOfLoveTests-checkManifestLockResult.txt",
			);
			runOnlyForDeploymentPostprocessing = 0;
			shellPath = /bin/sh;
			shellScript = "diff \"${PODS_PODFILE_DIR_PATH}/Podfile.lock\" \"${PODS_ROOT}/Manifest.lock\" > /dev/null\nif [ $? != 0 ] ; then\n    # print error to STDERR\n    echo \"error: The sandbox is not in sync with the Podfile.lock. Run 'pod install' or update your CocoaPods installation.\" >&2\n    exit 1\nfi\n# This output is used by Xcode 'outputs' to avoid re-running this script phase.\necho \"SUCCESS\" > \"${SCRIPT_OUTPUT_FILE_0}\"\n";
			showEnvVarsInLog = 0;
		};
		98EE313B270AD75900457AF8 /* Firebase crashlytics */ = {
			isa = PBXShellScriptBuildPhase;
			buildActionMask = 2147483647;
			files = (
			);
			inputFileListPaths = (
			);
			inputPaths = (
				"${DWARF_DSYM_FOLDER_PATH}/${DWARF_DSYM_FILE_NAME}/Contents/Resources/DWARF/${TARGET_NAME}",
				"$(SRCROOT)/$(BUILT_PRODUCTS_DIR)/$(INFOPLIST_PATH)",
			);
			name = "Firebase crashlytics";
			outputFileListPaths = (
			);
			outputPaths = (
			);
			runOnlyForDeploymentPostprocessing = 0;
			shellPath = /bin/sh;
			shellScript = "# Type a script or drag a script file from your workspace to insert its path.\n    \"${PODS_ROOT}/FirebaseCrashlytics/run\"\n    \"${PODS_ROOT}/FirebaseCrashlytics/upload-symbols\" -gsp ${BUILT_PRODUCTS_DIR}/${PRODUCT_NAME}.app/GoogleService-Info.plist -p ios ${DWARF_DSYM_FOLDER_PATH}/${DWARF_DSYM_FILE_NAME}\n";
		};
		A656BFE653E62C8406D6DF83 /* [CP] Check Pods Manifest.lock */ = {
			isa = PBXShellScriptBuildPhase;
			buildActionMask = 2147483647;
			files = (
			);
			inputFileListPaths = (
			);
			inputPaths = (
				"${PODS_PODFILE_DIR_PATH}/Podfile.lock",
				"${PODS_ROOT}/Manifest.lock",
			);
			name = "[CP] Check Pods Manifest.lock";
			outputFileListPaths = (
			);
			outputPaths = (
				"$(DERIVED_FILE_DIR)/Pods-churchOfLove-churchOfLoveUITests-checkManifestLockResult.txt",
			);
			runOnlyForDeploymentPostprocessing = 0;
			shellPath = /bin/sh;
			shellScript = "diff \"${PODS_PODFILE_DIR_PATH}/Podfile.lock\" \"${PODS_ROOT}/Manifest.lock\" > /dev/null\nif [ $? != 0 ] ; then\n    # print error to STDERR\n    echo \"error: The sandbox is not in sync with the Podfile.lock. Run 'pod install' or update your CocoaPods installation.\" >&2\n    exit 1\nfi\n# This output is used by Xcode 'outputs' to avoid re-running this script phase.\necho \"SUCCESS\" > \"${SCRIPT_OUTPUT_FILE_0}\"\n";
			showEnvVarsInLog = 0;
		};
		C3C5ED1183ADEB8C4DDA973E /* [CP] Embed Pods Frameworks */ = {
			isa = PBXShellScriptBuildPhase;
			buildActionMask = 2147483647;
			files = (
			);
			inputFileListPaths = (
				"${PODS_ROOT}/Target Support Files/Pods-churchOfLove-churchOfLoveUITests/Pods-churchOfLove-churchOfLoveUITests-frameworks-${CONFIGURATION}-input-files.xcfilelist",
			);
			name = "[CP] Embed Pods Frameworks";
			outputFileListPaths = (
				"${PODS_ROOT}/Target Support Files/Pods-churchOfLove-churchOfLoveUITests/Pods-churchOfLove-churchOfLoveUITests-frameworks-${CONFIGURATION}-output-files.xcfilelist",
			);
			runOnlyForDeploymentPostprocessing = 0;
			shellPath = /bin/sh;
			shellScript = "\"${PODS_ROOT}/Target Support Files/Pods-churchOfLove-churchOfLoveUITests/Pods-churchOfLove-churchOfLoveUITests-frameworks.sh\"\n";
			showEnvVarsInLog = 0;
		};
		C954249F32FE380693033B2B /* [CP] Embed Pods Frameworks */ = {
			isa = PBXShellScriptBuildPhase;
			buildActionMask = 2147483647;
			files = (
			);
			inputFileListPaths = (
				"${PODS_ROOT}/Target Support Files/Pods-churchOfLove/Pods-churchOfLove-frameworks-${CONFIGURATION}-input-files.xcfilelist",
			);
			name = "[CP] Embed Pods Frameworks";
			outputFileListPaths = (
				"${PODS_ROOT}/Target Support Files/Pods-churchOfLove/Pods-churchOfLove-frameworks-${CONFIGURATION}-output-files.xcfilelist",
			);
			runOnlyForDeploymentPostprocessing = 0;
			shellPath = /bin/sh;
			shellScript = "\"${PODS_ROOT}/Target Support Files/Pods-churchOfLove/Pods-churchOfLove-frameworks.sh\"\n";
			showEnvVarsInLog = 0;
		};
		D84A65D6501D8AAE8F499B78 /* [CP] Check Pods Manifest.lock */ = {
			isa = PBXShellScriptBuildPhase;
			buildActionMask = 2147483647;
			files = (
			);
			inputFileListPaths = (
			);
			inputPaths = (
				"${PODS_PODFILE_DIR_PATH}/Podfile.lock",
				"${PODS_ROOT}/Manifest.lock",
			);
			name = "[CP] Check Pods Manifest.lock";
			outputFileListPaths = (
			);
			outputPaths = (
				"$(DERIVED_FILE_DIR)/Pods-churchOfLove-checkManifestLockResult.txt",
			);
			runOnlyForDeploymentPostprocessing = 0;
			shellPath = /bin/sh;
			shellScript = "diff \"${PODS_PODFILE_DIR_PATH}/Podfile.lock\" \"${PODS_ROOT}/Manifest.lock\" > /dev/null\nif [ $? != 0 ] ; then\n    # print error to STDERR\n    echo \"error: The sandbox is not in sync with the Podfile.lock. Run 'pod install' or update your CocoaPods installation.\" >&2\n    exit 1\nfi\n# This output is used by Xcode 'outputs' to avoid re-running this script phase.\necho \"SUCCESS\" > \"${SCRIPT_OUTPUT_FILE_0}\"\n";
			showEnvVarsInLog = 0;
		};
/* End PBXShellScriptBuildPhase section */

/* Begin PBXSourcesBuildPhase section */
		CA9877DF26C2608000C176BA /* Sources */ = {
			isa = PBXSourcesBuildPhase;
			buildActionMask = 2147483647;
			files = (
				CA9877EB26C2608000C176BA /* ViewController.swift in Sources */,
				98EE3134270AC6A800457AF8 /* Constants.swift in Sources */,
				98EE3140270B04CC00457AF8 /* FirstLaunch.swift in Sources */,
				CA9877E726C2608000C176BA /* AppDelegate.swift in Sources */,
				98EE312E270AB8F900457AF8 /* WKWebViewConfiguration.swift in Sources */,
				98EE3132270AC65E00457AF8 /* KeychainService.swift in Sources */,
				98EE3136270AC72500457AF8 /* KeyValueStore.swift in Sources */,
				989979932705D2C9006AEF79 /* String.swift in Sources */,
				CA9877E926C2608000C176BA /* SceneDelegate.swift in Sources */,
				98EE3130270ABAC300457AF8 /* ServiceConfiguration.swift in Sources */,
				989979D52705F6BF006AEF79 /* ContentType.swift in Sources */,
				989979D32705F0FD006AEF79 /* UIImageView.swift in Sources */,
				9899799127033CD8006AEF79 /* UIDevice.swift in Sources */,
			);
			runOnlyForDeploymentPostprocessing = 0;
		};
		CA9877F526C2608800C176BA /* Sources */ = {
			isa = PBXSourcesBuildPhase;
			buildActionMask = 2147483647;
			files = (
				CA9877FE26C2608800C176BA /* churchOfLoveTests.swift in Sources */,
			);
			runOnlyForDeploymentPostprocessing = 0;
		};
		CA98780026C2608800C176BA /* Sources */ = {
			isa = PBXSourcesBuildPhase;
			buildActionMask = 2147483647;
			files = (
				CA98780926C2608800C176BA /* churchOfLoveUITests.swift in Sources */,
			);
			runOnlyForDeploymentPostprocessing = 0;
		};
/* End PBXSourcesBuildPhase section */

/* Begin PBXTargetDependency section */
		CA9877FB26C2608800C176BA /* PBXTargetDependency */ = {
			isa = PBXTargetDependency;
			target = CA9877E226C2608000C176BA /* churchOfLove */;
			targetProxy = CA9877FA26C2608800C176BA /* PBXContainerItemProxy */;
		};
		CA98780626C2608800C176BA /* PBXTargetDependency */ = {
			isa = PBXTargetDependency;
			target = CA9877E226C2608000C176BA /* churchOfLove */;
			targetProxy = CA98780526C2608800C176BA /* PBXContainerItemProxy */;
		};
/* End PBXTargetDependency section */

/* Begin PBXVariantGroup section */
		98ED785927401AB100ACDECA /* InfoPlist.strings */ = {
			isa = PBXVariantGroup;
			children = (
				98ED785827401AB100ACDECA /* ko */,
				98ED785A27401C1900ACDECA /* en */,
			);
			name = InfoPlist.strings;
			sourceTree = "<group>";
		};
		CA9877EC26C2608000C176BA /* Main.storyboard */ = {
			isa = PBXVariantGroup;
			children = (
				CA9877ED26C2608000C176BA /* Base */,
				98ED785327401A7500ACDECA /* ko */,
			);
			name = Main.storyboard;
			sourceTree = "<group>";
		};
		CA9877F126C2608800C176BA /* LaunchScreen.storyboard */ = {
			isa = PBXVariantGroup;
			children = (
				CA9877F226C2608800C176BA /* Base */,
				98ED785427401A7500ACDECA /* ko */,
			);
			name = LaunchScreen.storyboard;
			sourceTree = "<group>";
		};
/* End PBXVariantGroup section */

/* Begin XCBuildConfiguration section */
		CA98780B26C2608800C176BA /* Debug */ = {
			isa = XCBuildConfiguration;
			buildSettings = {
				ALWAYS_SEARCH_USER_PATHS = NO;
				CLANG_ANALYZER_LOCALIZABILITY_NONLOCALIZED = YES;
				CLANG_ANALYZER_NONNULL = YES;
				CLANG_ANALYZER_NUMBER_OBJECT_CONVERSION = YES_AGGRESSIVE;
				CLANG_CXX_LANGUAGE_STANDARD = "gnu++14";
				CLANG_CXX_LIBRARY = "libc++";
				CLANG_ENABLE_MODULES = YES;
				CLANG_ENABLE_OBJC_ARC = YES;
				CLANG_ENABLE_OBJC_WEAK = YES;
				CLANG_WARN_BLOCK_CAPTURE_AUTORELEASING = YES;
				CLANG_WARN_BOOL_CONVERSION = YES;
				CLANG_WARN_COMMA = YES;
				CLANG_WARN_CONSTANT_CONVERSION = YES;
				CLANG_WARN_DEPRECATED_OBJC_IMPLEMENTATIONS = YES;
				CLANG_WARN_DIRECT_OBJC_ISA_USAGE = YES_ERROR;
				CLANG_WARN_DOCUMENTATION_COMMENTS = YES;
				CLANG_WARN_EMPTY_BODY = YES;
				CLANG_WARN_ENUM_CONVERSION = YES;
				CLANG_WARN_INFINITE_RECURSION = YES;
				CLANG_WARN_INT_CONVERSION = YES;
				CLANG_WARN_NON_LITERAL_NULL_CONVERSION = YES;
				CLANG_WARN_OBJC_IMPLICIT_RETAIN_SELF = YES;
				CLANG_WARN_OBJC_LITERAL_CONVERSION = YES;
				CLANG_WARN_OBJC_ROOT_CLASS = YES_ERROR;
				CLANG_WARN_QUOTED_INCLUDE_IN_FRAMEWORK_HEADER = YES;
				CLANG_WARN_RANGE_LOOP_ANALYSIS = YES;
				CLANG_WARN_STRICT_PROTOTYPES = YES;
				CLANG_WARN_SUSPICIOUS_MOVE = YES;
				CLANG_WARN_UNGUARDED_AVAILABILITY = YES_AGGRESSIVE;
				CLANG_WARN_UNREACHABLE_CODE = YES;
				CLANG_WARN__DUPLICATE_METHOD_MATCH = YES;
				COPY_PHASE_STRIP = NO;
				DEBUG_INFORMATION_FORMAT = dwarf;
				ENABLE_STRICT_OBJC_MSGSEND = YES;
				ENABLE_TESTABILITY = YES;
				GCC_C_LANGUAGE_STANDARD = gnu11;
				GCC_DYNAMIC_NO_PIC = NO;
				GCC_NO_COMMON_BLOCKS = YES;
				GCC_OPTIMIZATION_LEVEL = 0;
				GCC_PREPROCESSOR_DEFINITIONS = (
					"DEBUG=1",
					"$(inherited)",
				);
				GCC_WARN_64_TO_32_BIT_CONVERSION = YES;
				GCC_WARN_ABOUT_RETURN_TYPE = YES_ERROR;
				GCC_WARN_UNDECLARED_SELECTOR = YES;
				GCC_WARN_UNINITIALIZED_AUTOS = YES_AGGRESSIVE;
				GCC_WARN_UNUSED_FUNCTION = YES;
				GCC_WARN_UNUSED_VARIABLE = YES;
				IPHONEOS_DEPLOYMENT_TARGET = 14.4;
				MTL_ENABLE_DEBUG_INFO = INCLUDE_SOURCE;
				MTL_FAST_MATH = YES;
				ONLY_ACTIVE_ARCH = YES;
				SDKROOT = iphoneos;
				SWIFT_ACTIVE_COMPILATION_CONDITIONS = DEBUG;
				SWIFT_OPTIMIZATION_LEVEL = "-Onone";
			};
			name = Debug;
		};
		CA98780C26C2608800C176BA /* Release */ = {
			isa = XCBuildConfiguration;
			buildSettings = {
				ALWAYS_SEARCH_USER_PATHS = NO;
				CLANG_ANALYZER_LOCALIZABILITY_NONLOCALIZED = YES;
				CLANG_ANALYZER_NONNULL = YES;
				CLANG_ANALYZER_NUMBER_OBJECT_CONVERSION = YES_AGGRESSIVE;
				CLANG_CXX_LANGUAGE_STANDARD = "gnu++14";
				CLANG_CXX_LIBRARY = "libc++";
				CLANG_ENABLE_MODULES = YES;
				CLANG_ENABLE_OBJC_ARC = YES;
				CLANG_ENABLE_OBJC_WEAK = YES;
				CLANG_WARN_BLOCK_CAPTURE_AUTORELEASING = YES;
				CLANG_WARN_BOOL_CONVERSION = YES;
				CLANG_WARN_COMMA = YES;
				CLANG_WARN_CONSTANT_CONVERSION = YES;
				CLANG_WARN_DEPRECATED_OBJC_IMPLEMENTATIONS = YES;
				CLANG_WARN_DIRECT_OBJC_ISA_USAGE = YES_ERROR;
				CLANG_WARN_DOCUMENTATION_COMMENTS = YES;
				CLANG_WARN_EMPTY_BODY = YES;
				CLANG_WARN_ENUM_CONVERSION = YES;
				CLANG_WARN_INFINITE_RECURSION = YES;
				CLANG_WARN_INT_CONVERSION = YES;
				CLANG_WARN_NON_LITERAL_NULL_CONVERSION = YES;
				CLANG_WARN_OBJC_IMPLICIT_RETAIN_SELF = YES;
				CLANG_WARN_OBJC_LITERAL_CONVERSION = YES;
				CLANG_WARN_OBJC_ROOT_CLASS = YES_ERROR;
				CLANG_WARN_QUOTED_INCLUDE_IN_FRAMEWORK_HEADER = YES;
				CLANG_WARN_RANGE_LOOP_ANALYSIS = YES;
				CLANG_WARN_STRICT_PROTOTYPES = YES;
				CLANG_WARN_SUSPICIOUS_MOVE = YES;
				CLANG_WARN_UNGUARDED_AVAILABILITY = YES_AGGRESSIVE;
				CLANG_WARN_UNREACHABLE_CODE = YES;
				CLANG_WARN__DUPLICATE_METHOD_MATCH = YES;
				COPY_PHASE_STRIP = NO;
				DEBUG_INFORMATION_FORMAT = "dwarf-with-dsym";
				ENABLE_NS_ASSERTIONS = NO;
				ENABLE_STRICT_OBJC_MSGSEND = YES;
				GCC_C_LANGUAGE_STANDARD = gnu11;
				GCC_NO_COMMON_BLOCKS = YES;
				GCC_WARN_64_TO_32_BIT_CONVERSION = YES;
				GCC_WARN_ABOUT_RETURN_TYPE = YES_ERROR;
				GCC_WARN_UNDECLARED_SELECTOR = YES;
				GCC_WARN_UNINITIALIZED_AUTOS = YES_AGGRESSIVE;
				GCC_WARN_UNUSED_FUNCTION = YES;
				GCC_WARN_UNUSED_VARIABLE = YES;
				IPHONEOS_DEPLOYMENT_TARGET = 14.4;
				MTL_ENABLE_DEBUG_INFO = NO;
				MTL_FAST_MATH = YES;
				SDKROOT = iphoneos;
				SWIFT_COMPILATION_MODE = wholemodule;
				SWIFT_OPTIMIZATION_LEVEL = "-O";
				VALIDATE_PRODUCT = YES;
			};
			name = Release;
		};
		CA98780E26C2608800C176BA /* Debug */ = {
			isa = XCBuildConfiguration;
			baseConfigurationReference = 789B7291AA1F7CB920BE540A /* Pods-churchOfLove.debug.xcconfig */;
			buildSettings = {
				ASSETCATALOG_COMPILER_APPICON_NAME = AppIcon;
				ASSETCATALOG_COMPILER_GLOBAL_ACCENT_COLOR_NAME = AccentColor;
				ASSETCATALOG_COMPILER_INCLUDE_ALL_APPICON_ASSETS = NO;
				ASSETCATALOG_COMPILER_LAUNCHIMAGE_NAME = "";
				CODE_SIGN_ENTITLEMENTS = churchOfLove/churchOfLove.entitlements;
				CODE_SIGN_IDENTITY = "Apple Development";
				CODE_SIGN_STYLE = Automatic;
				DEBUG_INFORMATION_FORMAT = "dwarf-with-dsym";
				DEVELOPMENT_TEAM = 7J9562JNF9;
				INFOPLIST_FILE = churchOfLove/Info.plist;
				IPHONEOS_DEPLOYMENT_TARGET = 12.0;
				LD_RUNPATH_SEARCH_PATHS = (
					"$(inherited)",
					"@executable_path/Frameworks",
				);
				PRODUCT_BUNDLE_IDENTIFIER = com.sarang.qt365;
				PRODUCT_NAME = "$(TARGET_NAME)";
				PROVISIONING_PROFILE_SPECIFIER = "";
				SWIFT_VERSION = 5.0;
				TARGETED_DEVICE_FAMILY = 1;
			};
			name = Debug;
		};
		CA98780F26C2608800C176BA /* Release */ = {
			isa = XCBuildConfiguration;
			baseConfigurationReference = 28DD7F41E52C921FE944B6AC /* Pods-churchOfLove.release.xcconfig */;
			buildSettings = {
				ASSETCATALOG_COMPILER_APPICON_NAME = AppIcon;
				ASSETCATALOG_COMPILER_GLOBAL_ACCENT_COLOR_NAME = AccentColor;
				ASSETCATALOG_COMPILER_INCLUDE_ALL_APPICON_ASSETS = NO;
				ASSETCATALOG_COMPILER_LAUNCHIMAGE_NAME = "";
				CODE_SIGN_ENTITLEMENTS = churchOfLove/churchOfLove.entitlements;
				CODE_SIGN_IDENTITY = "Apple Development";
				CODE_SIGN_STYLE = Automatic;
				DEVELOPMENT_TEAM = 7J9562JNF9;
				INFOPLIST_FILE = churchOfLove/Info.plist;
				IPHONEOS_DEPLOYMENT_TARGET = 12.0;
				LD_RUNPATH_SEARCH_PATHS = (
					"$(inherited)",
					"@executable_path/Frameworks",
				);
				PRODUCT_BUNDLE_IDENTIFIER = com.sarang.qt365;
				PRODUCT_NAME = "$(TARGET_NAME)";
				PROVISIONING_PROFILE_SPECIFIER = "";
				SWIFT_VERSION = 5.0;
				TARGETED_DEVICE_FAMILY = 1;
			};
			name = Release;
		};
		CA98781126C2608800C176BA /* Debug */ = {
			isa = XCBuildConfiguration;
			baseConfigurationReference = F6F9093FD295F45646F65E4D /* Pods-churchOfLoveTests.debug.xcconfig */;
			buildSettings = {
				ALWAYS_EMBED_SWIFT_STANDARD_LIBRARIES = YES;
				BUNDLE_LOADER = "$(TEST_HOST)";
				CODE_SIGN_STYLE = Automatic;
				INFOPLIST_FILE = churchOfLoveTests/Info.plist;
				IPHONEOS_DEPLOYMENT_TARGET = 14.4;
				LD_RUNPATH_SEARCH_PATHS = (
					"$(inherited)",
					"@executable_path/Frameworks",
					"@loader_path/Frameworks",
				);
				PRODUCT_BUNDLE_IDENTIFIER = com.tnsoft.churchOfLoveTests;
				PRODUCT_NAME = "$(TARGET_NAME)";
				SWIFT_VERSION = 5.0;
				TARGETED_DEVICE_FAMILY = "1,2";
				TEST_HOST = "$(BUILT_PRODUCTS_DIR)/churchOfLove.app/churchOfLove";
			};
			name = Debug;
		};
		CA98781226C2608800C176BA /* Release */ = {
			isa = XCBuildConfiguration;
			baseConfigurationReference = DF8FCBC22DE773213789EE13 /* Pods-churchOfLoveTests.release.xcconfig */;
			buildSettings = {
				ALWAYS_EMBED_SWIFT_STANDARD_LIBRARIES = YES;
				BUNDLE_LOADER = "$(TEST_HOST)";
				CODE_SIGN_STYLE = Automatic;
				INFOPLIST_FILE = churchOfLoveTests/Info.plist;
				IPHONEOS_DEPLOYMENT_TARGET = 14.4;
				LD_RUNPATH_SEARCH_PATHS = (
					"$(inherited)",
					"@executable_path/Frameworks",
					"@loader_path/Frameworks",
				);
				PRODUCT_BUNDLE_IDENTIFIER = com.tnsoft.churchOfLoveTests;
				PRODUCT_NAME = "$(TARGET_NAME)";
				SWIFT_VERSION = 5.0;
				TARGETED_DEVICE_FAMILY = "1,2";
				TEST_HOST = "$(BUILT_PRODUCTS_DIR)/churchOfLove.app/churchOfLove";
			};
			name = Release;
		};
		CA98781426C2608800C176BA /* Debug */ = {
			isa = XCBuildConfiguration;
			baseConfigurationReference = 97FF56A7BF1707325CEE6F5A /* Pods-churchOfLove-churchOfLoveUITests.debug.xcconfig */;
			buildSettings = {
				ALWAYS_EMBED_SWIFT_STANDARD_LIBRARIES = YES;
				CODE_SIGN_STYLE = Automatic;
				INFOPLIST_FILE = churchOfLoveUITests/Info.plist;
				LD_RUNPATH_SEARCH_PATHS = (
					"$(inherited)",
					"@executable_path/Frameworks",
					"@loader_path/Frameworks",
				);
				PRODUCT_BUNDLE_IDENTIFIER = com.tnsoft.churchOfLoveUITests;
				PRODUCT_NAME = "$(TARGET_NAME)";
				SWIFT_VERSION = 5.0;
				TARGETED_DEVICE_FAMILY = "1,2";
				TEST_TARGET_NAME = churchOfLove;
			};
			name = Debug;
		};
		CA98781526C2608800C176BA /* Release */ = {
			isa = XCBuildConfiguration;
			baseConfigurationReference = 6C160C587845FD631E37F8A3 /* Pods-churchOfLove-churchOfLoveUITests.release.xcconfig */;
			buildSettings = {
				ALWAYS_EMBED_SWIFT_STANDARD_LIBRARIES = YES;
				CODE_SIGN_STYLE = Automatic;
				INFOPLIST_FILE = churchOfLoveUITests/Info.plist;
				LD_RUNPATH_SEARCH_PATHS = (
					"$(inherited)",
					"@executable_path/Frameworks",
					"@loader_path/Frameworks",
				);
				PRODUCT_BUNDLE_IDENTIFIER = com.tnsoft.churchOfLoveUITests;
				PRODUCT_NAME = "$(TARGET_NAME)";
				SWIFT_VERSION = 5.0;
				TARGETED_DEVICE_FAMILY = "1,2";
				TEST_TARGET_NAME = churchOfLove;
			};
			name = Release;
		};
/* End XCBuildConfiguration section */

/* Begin XCConfigurationList section */
		CA9877DE26C2608000C176BA /* Build configuration list for PBXProject "churchOfLove" */ = {
			isa = XCConfigurationList;
			buildConfigurations = (
				CA98780B26C2608800C176BA /* Debug */,
				CA98780C26C2608800C176BA /* Release */,
			);
			defaultConfigurationIsVisible = 0;
			defaultConfigurationName = Release;
		};
		CA98780D26C2608800C176BA /* Build configuration list for PBXNativeTarget "churchOfLove" */ = {
			isa = XCConfigurationList;
			buildConfigurations = (
				CA98780E26C2608800C176BA /* Debug */,
				CA98780F26C2608800C176BA /* Release */,
			);
			defaultConfigurationIsVisible = 0;
			defaultConfigurationName = Release;
		};
		CA98781026C2608800C176BA /* Build configuration list for PBXNativeTarget "churchOfLoveTests" */ = {
			isa = XCConfigurationList;
			buildConfigurations = (
				CA98781126C2608800C176BA /* Debug */,
				CA98781226C2608800C176BA /* Release */,
			);
			defaultConfigurationIsVisible = 0;
			defaultConfigurationName = Release;
		};
		CA98781326C2608800C176BA /* Build configuration list for PBXNativeTarget "churchOfLoveUITests" */ = {
			isa = XCConfigurationList;
			buildConfigurations = (
				CA98781426C2608800C176BA /* Debug */,
				CA98781526C2608800C176BA /* Release */,
			);
			defaultConfigurationIsVisible = 0;
			defaultConfigurationName = Release;
		};
/* End XCConfigurationList section */
	};
	rootObject = CA9877DB26C2608000C176BA /* Project object */;
}
